
Microsoft Visual Studio Solution File, Format Version 12.00
# Visual Studio 15
VisualStudioVersion = 15.0.27004.2002
MinimumVisualStudioVersion = 10.0.40219.1
Project("{8BC9CEB8-8B4A-11D0-8D11-00A0C91BC942}") = "cli", "cli.vcxproj", "{2E1DB220-D3A6-4320-B62C-26D00A683AE6}"
	ProjectSection(ProjectDependencies) = postProject
		{5CF60A9D-1F01-4C04-9340-E3CB7DD3D630} = {5CF60A9D-1F01-4C04-9340-E3CB7DD3D630}
	EndProjectSection
EndProject
Project("{8BC9CEB8-8B4A-11D0-8D11-00A0C91BC942}") = "srv", "srv.vcxproj", "{5CF60A9D-1F01-4C04-9340-E3CB7DD3D630}"
EndProject
Global
	GlobalSection(SolutionConfigurationPlatforms) = preSolution
		Debug|x64 = Debug|x64
		Debug|x86 = Debug|x86
		Release|x64 = Release|x64
		Release|x86 = Release|x86
	EndGlobalSection
	GlobalSection(ProjectConfigurationPlatforms) = postSolution
		{2E1DB220-D3A6-4320-B62C-26D00A683AE6}.Debug|x64.ActiveCfg = Debug|x64
		{2E1DB220-D3A6-4320-B62C-26D00A683AE6}.Debug|x64.Build.0 = Debug|x64
		{2E1DB220-D3A6-4320-B62C-26D00A683AE6}.Debug|x86.ActiveCfg = Debug|Win32
		{2E1DB220-D3A6-4320-B62C-26D00A683AE6}.Debug|x86.Build.0 = Debug|Win32
		{2E1DB220-D3A6-4320-B62C-26D00A683AE6}.Release|x64.ActiveCfg = Release|x64
		{2E1DB220-D3A6-4320-B62C-26D00A683AE6}.Release|x64.Build.0 = Release|x64
		{2E1DB220-D3A6-4320-B62C-26D00A683AE6}.Release|x86.ActiveCfg = Release|Win32
		{2E1DB220-D3A6-4320-B62C-26D00A683AE6}.Release|x86.Build.0 = Release|Win32
		{5CF60A9D-1F01-4C04-9340-E3CB7DD3D630}.Debug|x64.ActiveCfg = Debug|x64
		{5CF60A9D-1F01-4C04-9340-E3CB7DD3D630}.Debug|x64.Build.0 = Debug|x64
		{5CF60A9D-1F01-4C04-9340-E3CB7DD3D630}.Debug|x86.ActiveCfg = Debug|Win32
		{5CF60A9D-1F01-4C04-9340-E3CB7DD3D630}.Debug|x86.Build.0 = Debug|Win32
		{5CF60A9D-1F01-4C04-9340-E3CB7DD3D630}.Release|x64.ActiveCfg = Release|x64
		{5CF60A9D-1F01-4C04-9340-E3CB7DD3D630}.Release|x64.Build.0 = Release|x64
		{5CF60A9D-1F01-4C04-9340-E3CB7DD3D630}.Release|x86.ActiveCfg = Release|Win32
		{5CF60A9D-1F01-4C04-9340-E3CB7DD3D630}.Release|x86.Build.0 = Release|Win32
	EndGlobalSection
	GlobalSection(SolutionProperties) = preSolution
		HideSolutionNode = FALSE
	EndGlobalSection
	GlobalSection(ExtensibilityGlobals) = postSolution
		SolutionGuid = {9764A280-C08C-432D-94AC-96DA524B488D}
	EndGlobalSection
EndGlobal
