<?xml version="1.0" encoding="utf-8"?>
<Project ToolsVersion="4.0" xmlns="http://schemas.microsoft.com/developer/msbuild/2003">
  <ItemGroup>
    <ClCompile Include="srv.cpp">
      <Filter>
      </Filter>
    </ClCompile>
    <ClCompile Include="stdafx.cpp">
      <Filter>
      </Filter>
    </ClCompile>
    <ClCompile Include="kms_s.c" />
    <ClCompile Include="shared.cpp" />
    <ClCompile Include="aes.cpp" />
    <ClCompile Include="kms_io.cpp" />
    <ClCompile Include="dbgdump.cpp" />
  </ItemGroup>
  <ItemGroup>
    <ClInclude Include="stdafx.h">
      <Filter>
      </Filter>
    </ClInclude>
    <ClInclude Include="kms_i.h" />
    <ClInclude Include="shared.h" />
    <ClInclude Include="aes.h" />
    <ClInclude Include="kms_io.h" />
    <ClInclude Include="dbgdump.h" />
  </ItemGroup>
  <ItemGroup>
    <Midl Include="kms.idl" />
  </ItemGroup>
</Project>